PackratFormat: 1.4
PackratVersion: 0.4.1.8
RVersion: 3.1.0
Repos: CRAN=http://cran.rstudio.com/

Package: BH
Source: CRAN
Version: 1.54.0-4
Hash: 240790420ebcf7321eed885d421a8335

Package: DBI
Source: CRAN
Version: 0.3.1
Hash: 3a9e85b26ec3ab570266bccb3f9de055

Package: R6
Source: CRAN
Version: 2.0
Hash: a7fd0cf10401cde9177f1a685f72d15a

Package: RColorBrewer
Source: CRAN
Version: 1.0-5
Hash: 6a849b729bec970204ca88b96906adbc

Package: RCurl
Source: CRAN
Version: 1.95-4.3
Hash: 158377109f939084a72f240125f821d3
Requires: bitops

Package: RJSONIO
Source: CRAN
Version: 1.3-0
Hash: 8b1341dfd547c90ed4b3365d5aa46a7b

Package: Rcpp
Source: CRAN
Version: 0.11.3
Hash: d9cc0a13885961b2d004cf73b0fb68dd

Package: assertthat
Source: CRAN
Version: 0.1
Hash: 4b419cfdc33a3019a7f3c6f0cdea6c38

Package: bitops
Source: CRAN
Version: 1.0-6
Hash: cb26464a8321628636b547518994c931

Package: caTools
Source: CRAN
Version: 1.17.1
Hash: bb5fdc266f716b8a289a4f92007d53e3
Requires: bitops

Package: car
Source: CRAN
Version: 2.0-21
Hash: 2c8213a71f5ef3514f22e6e7a52ebd19

Package: colorspace
Source: CRAN
Version: 1.2-4
Hash: b775bd08a10f968fef582304b7c3ab9c

Package: dichromat
Source: CRAN
Version: 2.0-0
Hash: 42be2136555fa4b6167605df56d8cd7c

Package: digest
Source: CRAN
Version: 0.6.4
Hash: e4bf0e79b15a352510aff0de905d31e2

Package: dplyr
Source: CRAN
Version: 0.3.0.2
Hash: 0da1a09895f941f144446a6d57d77095
Requires: BH, DBI, R6, Rcpp, assertthat, lazyeval, magrittr

Package: evaluate
Source: CRAN
Version: 0.5.5
Hash: 20881970e590ee68de97a468694db7b0
Requires: stringr

Package: formatR
Source: CRAN
Version: 1.0
Hash: a90c211d7df7e61a72b8ab6c99c2e848

Package: ggdendro
Source: CRAN
Version: 0.1-15
Hash: e83e50d58f4d5668d039f0f59e18da8d
Requires: ggplot2

Package: ggplot2
Source: CRAN
Version: 1.0.0
Hash: c8bff66238347472f08b6a35608539ff
Requires: digest, gtable, plyr, proto, reshape2, scales

Package: gridExtra
Source: CRAN
Version: 0.9.1
Hash: 1cb7af8c140431ec4e99905f1d8adcc4

Package: gtable
Source: CRAN
Version: 0.1.2
Hash: 0cf4a2b54c02b35dec7e74a8ebed12a0

Package: highr
Source: CRAN
Version: 0.4
Hash: 8c77cca8556e1501621b4a5ccb7999bd

Package: htmltools
Source: CRAN
Version: 0.2.6
Hash: 2c87108d130de261ac3c468d3316ae42
Requires: digest

Package: httpuv
Source: CRAN
Version: 1.3.0
Hash: 156d2cdf8a183360610376b68a5dd435
Requires: Rcpp

Package: knitr
Source: CRAN
Version: 1.7
Hash: 2711841bd9ede48d13c4d14abc452b54
Requires: digest, evaluate, formatR, highr, markdown, stringr

Package: labeling
Source: CRAN
Version: 0.3
Hash: 568a992912caf7eeddfb121924154047

Package: latticeExtra
Source: CRAN
Version: 0.6-26
Hash: 2c59a30bb9d9d4651b913b828dca2640
Requires: RColorBrewer

Package: lazyeval
Source: CRAN
Version: 0.1.9
Hash: 2953778d951973e2889641c06275ecf3

Package: magrittr
Source: CRAN
Version: 1.0.1
Hash: 576e5bf21e3801499cebc27af6ad1627

Package: markdown
Source: CRAN
Version: 0.7.4
Hash: 01d7f71ed6e3d9b1c17ba51cff91be72
Requires: mime

Package: mime
Source: CRAN
Version: 0.2
Hash: 9179db921fcb2e5be44e217042ed06bc

Package: mosaic
Source: CRAN
Version: 0.9.1-3
Hash: 71a7face90364b74a3062753fb786c8f
Requires: car, dplyr, ggdendro, ggplot2, gridExtra, latticeExtra,
    mosaicData, plyr, reshape2

Package: mosaicData
Source: CRAN
Version: 0.9.1
Hash: c44c1897c97532fe80803f253007c742

Package: munsell
Source: CRAN
Version: 0.4.2
Hash: fa8af6d040041439b249351e9d16ae9a
Requires: colorspace

Package: packrat
Source: github
Version: 0.4.1.8
Hash: ee57b7e7ba891d23079b12f1ff5106d0db0594e5
GithubRepo: packrat
GithubUsername: rstudio
GithubRef: v0.98.1000
GithubSha1: ee57b7e7ba891d23079b12f1ff5106d0db0594e5

Package: plyr
Source: CRAN
Version: 1.8.1
Hash: 6a287219196e18bc6261dc11b41b1ca0
Requires: Rcpp

Package: proto
Source: CRAN
Version: 0.3-10
Hash: 668a9e87cedbdc5f56c396edf1bd2648

Package: reshape2
Source: CRAN
Version: 1.4
Hash: e50809918ebb73dff47de17d36d12975
Requires: Rcpp, plyr, stringr

Package: rmarkdown
Source: github
Version: 0.3.13
Hash: 8e84a541c474f082afcf7ddb49e78dd1c84cf026
Requires: caTools, htmltools, knitr, yaml
GithubRepo: rmarkdown
GithubUsername: rstudio
GithubRef: master
GithubSha1: 8e84a541c474f082afcf7ddb49e78dd1c84cf026

Package: scales
Source: CRAN
Version: 0.2.4
Hash: b8b1af97bd07818605223060386b00dd
Requires: RColorBrewer, dichromat, labeling, munsell, plyr

Package: shiny
Source: CRAN
Version: 0.10.2.1
Hash: f737d84e9db975b8fe73fa68e5e6802b
Requires: R6, RJSONIO, digest, htmltools, httpuv, mime, xtable

Package: shinyapps
Source: github
Version: 0.3.60
Hash: 8b9f98d9bb13d299e763d4142c14639162aca8a2
Requires: RCurl, RJSONIO, digest
GithubRepo: shinyapps
GithubUsername: rstudio
GithubRef: v0.98.1000
GithubSha1: 8b9f98d9bb13d299e763d4142c14639162aca8a2

Package: stringr
Source: CRAN
Version: 0.6.2
Hash: cdde0cfa0f52cffeaca23a11a3899779

Package: xtable
Source: CRAN
Version: 1.7-4
Hash: 7b30b5ca6c7ae80c4f916502e3ad0237

Package: yaml
Source: CRAN
Version: 2.1.13
Hash: e5d041c001f6d641fd009c1f6ef7d831
